
Microsoft Visual Studio Solution File, Format Version 12.00
# Visual Studio Version 17
VisualStudioVersion = 17.6.33829.357
MinimumVisualStudioVersion = 10.0.40219.1
Project("{9A19103F-16F7-4668-BE54-9A1E7A4F7556}") = "BSC-DOS TEST", "BSC-DOS TEST\BSC-DOS TEST.csproj", "{016294AE-9CFD-48B6-A5DA-BE08CF7B407B}"
EndProject
Project("{2150E333-8FDC-42A3-9474-1A3956D46DE8}") = "Solution Items", "Solution Items", "{F1CA7FDC-C8DB-40B0-969E-DAD035117B21}"
	ProjectSection(SolutionItems) = preProject
		.editorconfig = .editorconfig
	EndProjectSection
EndProject
Global
	GlobalSection(SolutionConfigurationPlatforms) = preSolution
		Debug|Any CPU = Debug|Any CPU
		Release|Any CPU = Release|Any CPU
	EndGlobalSection
	GlobalSection(ProjectConfigurationPlatforms) = postSolution
		{016294AE-9CFD-48B6-A5DA-BE08CF7B407B}.Debug|Any CPU.ActiveCfg = Debug|Any CPU
		{016294AE-9CFD-48B6-A5DA-BE08CF7B407B}.Debug|Any CPU.Build.0 = Debug|Any CPU
		{016294AE-9CFD-48B6-A5DA-BE08CF7B407B}.Release|Any CPU.ActiveCfg = Release|Any CPU
		{016294AE-9CFD-48B6-A5DA-BE08CF7B407B}.Release|Any CPU.Build.0 = Release|Any CPU
	EndGlobalSection
	GlobalSection(SolutionProperties) = preSolution
		HideSolutionNode = FALSE
	EndGlobalSection
	GlobalSection(ExtensibilityGlobals) = postSolution
		SolutionGuid = {81A5E26D-AB20-4C0E-892C-B13B439F6112}
	EndGlobalSection
EndGlobal
